
Microsoft Visual Studio Solution File, Format Version 12.00
# Visual Studio Version 16
VisualStudioVersion = 16.0.28922.388
MinimumVisualStudioVersion = 10.0.40219.1
Project("{FAE04EC0-301F-11D3-BF4B-00C04F79EFBC}") = "FindMinValueTobi", "FindMinValueTobi\FindMinValueTobi.csproj", "{BDF1AC29-60AE-407B-85B0-C891F4DFBF12}"
EndProject
Global
	GlobalSection(SolutionConfigurationPlatforms) = preSolution
		Debug|Any CPU = Debug|Any CPU
		Release|Any CPU = Release|Any CPU
	EndGlobalSection
	GlobalSection(ProjectConfigurationPlatforms) = postSolution
		{BDF1AC29-60AE-407B-85B0-C891F4DFBF12}.Debug|Any CPU.ActiveCfg = Debug|Any CPU
		{BDF1AC29-60AE-407B-85B0-C891F4DFBF12}.Debug|Any CPU.Build.0 = Debug|Any CPU
		{BDF1AC29-60AE-407B-85B0-C891F4DFBF12}.Release|Any CPU.ActiveCfg = Release|Any CPU
		{BDF1AC29-60AE-407B-85B0-C891F4DFBF12}.Release|Any CPU.Build.0 = Release|Any CPU
	EndGlobalSection
	GlobalSection(SolutionProperties) = preSolution
		HideSolutionNode = FALSE
	EndGlobalSection
	GlobalSection(ExtensibilityGlobals) = postSolution
		SolutionGuid = {7C03CE80-79B1-41F0-8591-78DEC9C738AF}
	EndGlobalSection
EndGlobal
