
Microsoft Visual Studio Solution File, Format Version 12.00
# Visual Studio Version 16
VisualStudioVersion = 16.0.28922.388
MinimumVisualStudioVersion = 10.0.40219.1
Project("{FAE04EC0-301F-11D3-BF4B-00C04F79EFBC}") = "IntroductionToArraysTobi", "IntroductionToArraysTobi\IntroductionToArraysTobi.csproj", "{A88B8D6A-DC7D-47E4-B3B5-81BEC0122E11}"
EndProject
Global
	GlobalSection(SolutionConfigurationPlatforms) = preSolution
		Debug|Any CPU = Debug|Any CPU
		Release|Any CPU = Release|Any CPU
	EndGlobalSection
	GlobalSection(ProjectConfigurationPlatforms) = postSolution
		{A88B8D6A-DC7D-47E4-B3B5-81BEC0122E11}.Debug|Any CPU.ActiveCfg = Debug|Any CPU
		{A88B8D6A-DC7D-47E4-B3B5-81BEC0122E11}.Debug|Any CPU.Build.0 = Debug|Any CPU
		{A88B8D6A-DC7D-47E4-B3B5-81BEC0122E11}.Release|Any CPU.ActiveCfg = Release|Any CPU
		{A88B8D6A-DC7D-47E4-B3B5-81BEC0122E11}.Release|Any CPU.Build.0 = Release|Any CPU
	EndGlobalSection
	GlobalSection(SolutionProperties) = preSolution
		HideSolutionNode = FALSE
	EndGlobalSection
	GlobalSection(ExtensibilityGlobals) = postSolution
		SolutionGuid = {A4B1E763-B158-4717-99FD-7832181E886B}
	EndGlobalSection
EndGlobal
